
Microsoft Visual Studio Solution File, Format Version 12.00
# Visual Studio Version 17
VisualStudioVersion = 17.9.34526.213
MinimumVisualStudioVersion = 10.0.40219.1
Project("{2150E333-8FDC-42A3-9474-1A3956D46DE8}") = "src", "src", "{9E0F0235-C14B-4405-9250-E910DFC677F7}"
	ProjectSection(SolutionItems) = preProject
		TextFile2.txt = TextFile2.txt
	EndProjectSection
EndProject
Project("{2150E333-8FDC-42A3-9474-1A3956D46DE8}") = "tests", "tests", "{55A0E84C-A201-462A-9A00-860A5D2DC813}"
EndProject
Project("{9A19103F-16F7-4668-BE54-9A1E7A4F7556}") = "VolleyballMemorySpike.Api", "VolleyballMemorySpike.Api\VolleyballMemorySpike.Api.csproj", "{698B295E-441B-4A44-B844-AA257C314623}"
EndProject
Project("{9A19103F-16F7-4668-BE54-9A1E7A4F7556}") = "VolleyballMemorySpike.Client", "VolleyballMemorySpike.Client\VolleyballMemorySpike.Client.csproj", "{FCC92B10-17A3-4F2F-9D64-DB9D517DA77E}"
EndProject
Project("{FAE04EC0-301F-11D3-BF4B-00C04F79EFBC}") = "VolleyballMemorySpike.Shared", "VolleyballMemorySpike.Shared\VolleyballMemorySpike.Shared.csproj", "{85A73EFA-7D54-45D9-8549-A8B1EC345C25}"
EndProject
Global
	GlobalSection(SolutionConfigurationPlatforms) = preSolution
		Debug|Any CPU = Debug|Any CPU
		Release|Any CPU = Release|Any CPU
	EndGlobalSection
	GlobalSection(ProjectConfigurationPlatforms) = postSolution
		{698B295E-441B-4A44-B844-AA257C314623}.Debug|Any CPU.ActiveCfg = Debug|Any CPU
		{698B295E-441B-4A44-B844-AA257C314623}.Debug|Any CPU.Build.0 = Debug|Any CPU
		{698B295E-441B-4A44-B844-AA257C314623}.Release|Any CPU.ActiveCfg = Release|Any CPU
		{698B295E-441B-4A44-B844-AA257C314623}.Release|Any CPU.Build.0 = Release|Any CPU
		{FCC92B10-17A3-4F2F-9D64-DB9D517DA77E}.Debug|Any CPU.ActiveCfg = Debug|Any CPU
		{FCC92B10-17A3-4F2F-9D64-DB9D517DA77E}.Debug|Any CPU.Build.0 = Debug|Any CPU
		{FCC92B10-17A3-4F2F-9D64-DB9D517DA77E}.Release|Any CPU.ActiveCfg = Release|Any CPU
		{FCC92B10-17A3-4F2F-9D64-DB9D517DA77E}.Release|Any CPU.Build.0 = Release|Any CPU
		{85A73EFA-7D54-45D9-8549-A8B1EC345C25}.Debug|Any CPU.ActiveCfg = Debug|Any CPU
		{85A73EFA-7D54-45D9-8549-A8B1EC345C25}.Debug|Any CPU.Build.0 = Debug|Any CPU
		{85A73EFA-7D54-45D9-8549-A8B1EC345C25}.Release|Any CPU.ActiveCfg = Release|Any CPU
		{85A73EFA-7D54-45D9-8549-A8B1EC345C25}.Release|Any CPU.Build.0 = Release|Any CPU
	EndGlobalSection
	GlobalSection(SolutionProperties) = preSolution
		HideSolutionNode = FALSE
	EndGlobalSection
	GlobalSection(NestedProjects) = preSolution
		{698B295E-441B-4A44-B844-AA257C314623} = {9E0F0235-C14B-4405-9250-E910DFC677F7}
		{FCC92B10-17A3-4F2F-9D64-DB9D517DA77E} = {9E0F0235-C14B-4405-9250-E910DFC677F7}
		{85A73EFA-7D54-45D9-8549-A8B1EC345C25} = {9E0F0235-C14B-4405-9250-E910DFC677F7}
	EndGlobalSection
	GlobalSection(ExtensibilityGlobals) = postSolution
		SolutionGuid = {FB610A7C-AFA1-4544-8CEC-84AB4D3E19B1}
	EndGlobalSection
EndGlobal
